
Microsoft Visual Studio Solution File, Format Version 12.00
# Visual Studio Version 16
VisualStudioVersion = 16.0.29806.167
MinimumVisualStudioVersion = 10.0.40219.1
Project("{FAE04EC0-301F-11D3-BF4B-00C04F79EFBC}") = "4Lab3", "4Lab3\4Lab3.csproj", "{0EFD56E7-A6B1-436A-AB51-D27A9C3BE059}"
EndProject
Global
	GlobalSection(SolutionConfigurationPlatforms) = preSolution
		Debug|Any CPU = Debug|Any CPU
		Release|Any CPU = Release|Any CPU
	EndGlobalSection
	GlobalSection(ProjectConfigurationPlatforms) = postSolution
		{0EFD56E7-A6B1-436A-AB51-D27A9C3BE059}.Debug|Any CPU.ActiveCfg = Debug|Any CPU
		{0EFD56E7-A6B1-436A-AB51-D27A9C3BE059}.Debug|Any CPU.Build.0 = Debug|Any CPU
		{0EFD56E7-A6B1-436A-AB51-D27A9C3BE059}.Release|Any CPU.ActiveCfg = Release|Any CPU
		{0EFD56E7-A6B1-436A-AB51-D27A9C3BE059}.Release|Any CPU.Build.0 = Release|Any CPU
	EndGlobalSection
	GlobalSection(SolutionProperties) = preSolution
		HideSolutionNode = FALSE
	EndGlobalSection
	GlobalSection(ExtensibilityGlobals) = postSolution
		SolutionGuid = {87334525-A357-412C-B17E-FB5D35DB1E46}
	EndGlobalSection
EndGlobal
