
Microsoft Visual Studio Solution File, Format Version 12.00
# Visual Studio Version 16
VisualStudioVersion = 16.0.30114.105
MinimumVisualStudioVersion = 10.0.40219.1
Project("{FAE04EC0-301F-11D3-BF4B-00C04F79EFBC}") = "5Lab2", "5Lab2\5Lab2.csproj", "{78A7D440-380D-4000-8C77-1C2189AD5865}"
EndProject
Global
	GlobalSection(SolutionConfigurationPlatforms) = preSolution
		Debug|Any CPU = Debug|Any CPU
		Release|Any CPU = Release|Any CPU
	EndGlobalSection
	GlobalSection(ProjectConfigurationPlatforms) = postSolution
		{78A7D440-380D-4000-8C77-1C2189AD5865}.Debug|Any CPU.ActiveCfg = Debug|Any CPU
		{78A7D440-380D-4000-8C77-1C2189AD5865}.Debug|Any CPU.Build.0 = Debug|Any CPU
		{78A7D440-380D-4000-8C77-1C2189AD5865}.Release|Any CPU.ActiveCfg = Release|Any CPU
		{78A7D440-380D-4000-8C77-1C2189AD5865}.Release|Any CPU.Build.0 = Release|Any CPU
	EndGlobalSection
	GlobalSection(SolutionProperties) = preSolution
		HideSolutionNode = FALSE
	EndGlobalSection
	GlobalSection(ExtensibilityGlobals) = postSolution
		SolutionGuid = {73B4D3C2-9663-404A-9A73-FEB75982D5F0}
	EndGlobalSection
EndGlobal
