
Microsoft Visual Studio Solution File, Format Version 12.00
# Visual Studio Version 16
VisualStudioVersion = 16.0.30114.105
MinimumVisualStudioVersion = 10.0.40219.1
Project("{FAE04EC0-301F-11D3-BF4B-00C04F79EFBC}") = "5Lab1", "5Lab1\5Lab1.csproj", "{BC26FE20-79FB-4FBE-A279-45AC4BF505A3}"
EndProject
Global
	GlobalSection(SolutionConfigurationPlatforms) = preSolution
		Debug|Any CPU = Debug|Any CPU
		Release|Any CPU = Release|Any CPU
	EndGlobalSection
	GlobalSection(ProjectConfigurationPlatforms) = postSolution
		{BC26FE20-79FB-4FBE-A279-45AC4BF505A3}.Debug|Any CPU.ActiveCfg = Debug|Any CPU
		{BC26FE20-79FB-4FBE-A279-45AC4BF505A3}.Debug|Any CPU.Build.0 = Debug|Any CPU
		{BC26FE20-79FB-4FBE-A279-45AC4BF505A3}.Release|Any CPU.ActiveCfg = Release|Any CPU
		{BC26FE20-79FB-4FBE-A279-45AC4BF505A3}.Release|Any CPU.Build.0 = Release|Any CPU
	EndGlobalSection
	GlobalSection(SolutionProperties) = preSolution
		HideSolutionNode = FALSE
	EndGlobalSection
	GlobalSection(ExtensibilityGlobals) = postSolution
		SolutionGuid = {8B3DF147-FBCC-4885-8BC2-35F8341F6026}
	EndGlobalSection
EndGlobal
