
Microsoft Visual Studio Solution File, Format Version 12.00
# Visual Studio Version 16
VisualStudioVersion = 16.0.30114.105
MinimumVisualStudioVersion = 10.0.40219.1
Project("{FAE04EC0-301F-11D3-BF4B-00C04F79EFBC}") = "7Lab1", "7Lab1\7Lab1.csproj", "{2E51DDCE-5086-4384-B009-F02662FDD94B}"
EndProject
Global
	GlobalSection(SolutionConfigurationPlatforms) = preSolution
		Debug|Any CPU = Debug|Any CPU
		Release|Any CPU = Release|Any CPU
	EndGlobalSection
	GlobalSection(ProjectConfigurationPlatforms) = postSolution
		{2E51DDCE-5086-4384-B009-F02662FDD94B}.Debug|Any CPU.ActiveCfg = Debug|Any CPU
		{2E51DDCE-5086-4384-B009-F02662FDD94B}.Debug|Any CPU.Build.0 = Debug|Any CPU
		{2E51DDCE-5086-4384-B009-F02662FDD94B}.Release|Any CPU.ActiveCfg = Release|Any CPU
		{2E51DDCE-5086-4384-B009-F02662FDD94B}.Release|Any CPU.Build.0 = Release|Any CPU
	EndGlobalSection
	GlobalSection(SolutionProperties) = preSolution
		HideSolutionNode = FALSE
	EndGlobalSection
	GlobalSection(ExtensibilityGlobals) = postSolution
		SolutionGuid = {9B7F4DEB-000E-4A17-8CC9-62C1C2D5E4CC}
	EndGlobalSection
EndGlobal
