
Microsoft Visual Studio Solution File, Format Version 12.00
# Visual Studio Version 16
VisualStudioVersion = 16.0.30011.22
MinimumVisualStudioVersion = 10.0.40219.1
Project("{FAE04EC0-301F-11D3-BF4B-00C04F79EFBC}") = "Lab", "Lab\Lab.csproj", "{397D0E98-056E-47B9-84C1-BE2B2A68F732}"
EndProject
Project("{FAE04EC0-301F-11D3-BF4B-00C04F79EFBC}") = "Test", "Test\Test.csproj", "{F11A8954-8D02-491B-8B67-1457E9061FF3}"
EndProject
Global
	GlobalSection(SolutionConfigurationPlatforms) = preSolution
		Debug|Any CPU = Debug|Any CPU
		Release|Any CPU = Release|Any CPU
	EndGlobalSection
	GlobalSection(ProjectConfigurationPlatforms) = postSolution
		{397D0E98-056E-47B9-84C1-BE2B2A68F732}.Debug|Any CPU.ActiveCfg = Debug|Any CPU
		{397D0E98-056E-47B9-84C1-BE2B2A68F732}.Debug|Any CPU.Build.0 = Debug|Any CPU
		{397D0E98-056E-47B9-84C1-BE2B2A68F732}.Release|Any CPU.ActiveCfg = Release|Any CPU
		{397D0E98-056E-47B9-84C1-BE2B2A68F732}.Release|Any CPU.Build.0 = Release|Any CPU
		{F11A8954-8D02-491B-8B67-1457E9061FF3}.Debug|Any CPU.ActiveCfg = Debug|Any CPU
		{F11A8954-8D02-491B-8B67-1457E9061FF3}.Debug|Any CPU.Build.0 = Debug|Any CPU
		{F11A8954-8D02-491B-8B67-1457E9061FF3}.Release|Any CPU.ActiveCfg = Release|Any CPU
		{F11A8954-8D02-491B-8B67-1457E9061FF3}.Release|Any CPU.Build.0 = Release|Any CPU
	EndGlobalSection
	GlobalSection(SolutionProperties) = preSolution
		HideSolutionNode = FALSE
	EndGlobalSection
	GlobalSection(ExtensibilityGlobals) = postSolution
		SolutionGuid = {2ED8ACC3-8E11-483D-A162-144A8E56A6C5}
	EndGlobalSection
EndGlobal
