
Microsoft Visual Studio Solution File, Format Version 12.00
# Visual Studio Version 16
VisualStudioVersion = 16.0.30011.22
MinimumVisualStudioVersion = 10.0.40219.1
Project("{FAE04EC0-301F-11D3-BF4B-00C04F79EFBC}") = "lab82", "lab82\lab82.csproj", "{08757A31-9D28-4FF2-8A84-11E208C3C081}"
EndProject
Global
	GlobalSection(SolutionConfigurationPlatforms) = preSolution
		Debug|Any CPU = Debug|Any CPU
		Release|Any CPU = Release|Any CPU
	EndGlobalSection
	GlobalSection(ProjectConfigurationPlatforms) = postSolution
		{08757A31-9D28-4FF2-8A84-11E208C3C081}.Debug|Any CPU.ActiveCfg = Debug|Any CPU
		{08757A31-9D28-4FF2-8A84-11E208C3C081}.Debug|Any CPU.Build.0 = Debug|Any CPU
		{08757A31-9D28-4FF2-8A84-11E208C3C081}.Release|Any CPU.ActiveCfg = Release|Any CPU
		{08757A31-9D28-4FF2-8A84-11E208C3C081}.Release|Any CPU.Build.0 = Release|Any CPU
	EndGlobalSection
	GlobalSection(SolutionProperties) = preSolution
		HideSolutionNode = FALSE
	EndGlobalSection
	GlobalSection(ExtensibilityGlobals) = postSolution
		SolutionGuid = {1D8B0856-97D9-40A0-AF08-93080A3D392B}
	EndGlobalSection
EndGlobal
